// !$*UTF8*$!
{
	archiveVersion = 1;
	classes = {
	};
	objectVersion = 55;
	objects = {

/* Begin PBXBuildFile section */
		0F3860F127D1E94200154392 /* TrailerViewController.swift in Sources */ = {isa = PBXBuildFile; fileRef = 0F3860F027D1E94200154392 /* TrailerViewController.swift */; };
		0F52802E27C30D700008FC55 /* AppDelegate.swift in Sources */ = {isa = PBXBuildFile; fileRef = 0F52802D27C30D700008FC55 /* AppDelegate.swift */; };
		0F52803027C30D700008FC55 /* SceneDelegate.swift in Sources */ = {isa = PBXBuildFile; fileRef = 0F52802F27C30D700008FC55 /* SceneDelegate.swift */; };
		0F52803527C30D700008FC55 /* Main.storyboard in Resources */ = {isa = PBXBuildFile; fileRef = 0F52803327C30D700008FC55 /* Main.storyboard */; };
		0F52803727C30D720008FC55 /* Assets.xcassets in Resources */ = {isa = PBXBuildFile; fileRef = 0F52803627C30D720008FC55 /* Assets.xcassets */; };
		0F52803A27C30D720008FC55 /* LaunchScreen.storyboard in Resources */ = {isa = PBXBuildFile; fileRef = 0F52803827C30D720008FC55 /* LaunchScreen.storyboard */; };
		0F52804527C30D720008FC55 /* FlixTests.swift in Sources */ = {isa = PBXBuildFile; fileRef = 0F52804427C30D720008FC55 /* FlixTests.swift */; };
		0F52804F27C30D720008FC55 /* FlixUITests.swift in Sources */ = {isa = PBXBuildFile; fileRef = 0F52804E27C30D720008FC55 /* FlixUITests.swift */; };
		0F52805127C30D720008FC55 /* FlixUITestsLaunchTests.swift in Sources */ = {isa = PBXBuildFile; fileRef = 0F52805027C30D720008FC55 /* FlixUITestsLaunchTests.swift */; };
		0F52805E27C317880008FC55 /* MoviesViewController.swift in Sources */ = {isa = PBXBuildFile; fileRef = 0F52805D27C317880008FC55 /* MoviesViewController.swift */; };
		0F6C1D9F27C8945B00ACD537 /* MovieCell.swift in Sources */ = {isa = PBXBuildFile; fileRef = 0F6C1D9E27C8945B00ACD537 /* MovieCell.swift */; };
		0F6C1DA227C89F4E00ACD537 /* AlamofireImage in Frameworks */ = {isa = PBXBuildFile; productRef = 0F6C1DA127C89F4E00ACD537 /* AlamofireImage */; };
		0F942B1F27CDC1BF004DA113 /* MovieDetailsViewController.swift in Sources */ = {isa = PBXBuildFile; fileRef = 0F942B1E27CDC1BF004DA113 /* MovieDetailsViewController.swift */; };
		0FACAF6D27CF2267007ACD60 /* MovieGridViewController.swift in Sources */ = {isa = PBXBuildFile; fileRef = 0FACAF6C27CF2267007ACD60 /* MovieGridViewController.swift */; };
		0FACAF6F27CF2815007ACD60 /* MovieGridCell.swift in Sources */ = {isa = PBXBuildFile; fileRef = 0FACAF6E27CF2815007ACD60 /* MovieGridCell.swift */; };
		0FACAF7127CF48A3007ACD60 /* SuperMovieViewController.swift in Sources */ = {isa = PBXBuildFile; fileRef = 0FACAF7027CF48A3007ACD60 /* SuperMovieViewController.swift */; };
		15B74A54DF45ACDC4BEF5C14 /* Pods_FlixTests.framework in Frameworks */ = {isa = PBXBuildFile; fileRef = 73193C24CA114ACD0772B9E7 /* Pods_FlixTests.framework */; };
		C83B6BF1FEE765A597E18303 /* Pods_Flix.framework in Frameworks */ = {isa = PBXBuildFile; fileRef = 599BFC392536520D97DAA64E /* Pods_Flix.framework */; };
		D499C328ACC9447B82AA85D5 /* Pods_Flix_FlixUITests.framework in Frameworks */ = {isa = PBXBuildFile; fileRef = F0E604D6D7CBC1487F7B23B1 /* Pods_Flix_FlixUITests.framework */; };
/* End PBXBuildFile section */

/* Begin PBXContainerItemProxy section */
		0F52804127C30D720008FC55 /* PBXContainerItemProxy */ = {
			isa = PBXContainerItemProxy;
			containerPortal = 0F52802227C30D6F0008FC55 /* Project object */;
			proxyType = 1;
			remoteGlobalIDString = 0F52802927C30D700008FC55;
			remoteInfo = Flix;
		};
		0F52804B27C30D720008FC55 /* PBXContainerItemProxy */ = {
			isa = PBXContainerItemProxy;
			containerPortal = 0F52802227C30D6F0008FC55 /* Project object */;
			proxyType = 1;
			remoteGlobalIDString = 0F52802927C30D700008FC55;
			remoteInfo = Flix;
		};
/* End PBXContainerItemProxy section */

/* Begin PBXFileReference section */
		069EF2595D13381C2489767B /* Pods-Flix-FlixUITests.debug.xcconfig */ = {isa = PBXFileReference; includeInIndex = 1; lastKnownFileType = text.xcconfig; name = "Pods-Flix-FlixUITests.debug.xcconfig"; path = "Target Support Files/Pods-Flix-FlixUITests/Pods-Flix-FlixUITests.debug.xcconfig"; sourceTree = "<group>"; };
		0F3860F027D1E94200154392 /* TrailerViewController.swift */ = {isa = PBXFileReference; lastKnownFileType = sourcecode.swift; path = TrailerViewController.swift; sourceTree = "<group>"; };
		0F52802A27C30D700008FC55 /* Flix.app */ = {isa = PBXFileReference; explicitFileType = wrapper.application; includeInIndex = 0; path = Flix.app; sourceTree = BUILT_PRODUCTS_DIR; };
		0F52802D27C30D700008FC55 /* AppDelegate.swift */ = {isa = PBXFileReference; lastKnownFileType = sourcecode.swift; path = AppDelegate.swift; sourceTree = "<group>"; };
		0F52802F27C30D700008FC55 /* SceneDelegate.swift */ = {isa = PBXFileReference; lastKnownFileType = sourcecode.swift; path = SceneDelegate.swift; sourceTree = "<group>"; };
		0F52803427C30D700008FC55 /* Base */ = {isa = PBXFileReference; lastKnownFileType = file.storyboard; name = Base; path = Base.lproj/Main.storyboard; sourceTree = "<group>"; };
		0F52803627C30D720008FC55 /* Assets.xcassets */ = {isa = PBXFileReference; lastKnownFileType = folder.assetcatalog; path = Assets.xcassets; sourceTree = "<group>"; };
		0F52803927C30D720008FC55 /* Base */ = {isa = PBXFileReference; lastKnownFileType = file.storyboard; name = Base; path = Base.lproj/LaunchScreen.storyboard; sourceTree = "<group>"; };
		0F52803B27C30D720008FC55 /* Info.plist */ = {isa = PBXFileReference; lastKnownFileType = text.plist.xml; path = Info.plist; sourceTree = "<group>"; };
		0F52804027C30D720008FC55 /* FlixTests.xctest */ = {isa = PBXFileReference; explicitFileType = wrapper.cfbundle; includeInIndex = 0; path = FlixTests.xctest; sourceTree = BUILT_PRODUCTS_DIR; };
		0F52804427C30D720008FC55 /* FlixTests.swift */ = {isa = PBXFileReference; lastKnownFileType = sourcecode.swift; path = FlixTests.swift; sourceTree = "<group>"; };
		0F52804A27C30D720008FC55 /* FlixUITests.xctest */ = {isa = PBXFileReference; explicitFileType = wrapper.cfbundle; includeInIndex = 0; path = FlixUITests.xctest; sourceTree = BUILT_PRODUCTS_DIR; };
		0F52804E27C30D720008FC55 /* FlixUITests.swift */ = {isa = PBXFileReference; lastKnownFileType = sourcecode.swift; path = FlixUITests.swift; sourceTree = "<group>"; };
		0F52805027C30D720008FC55 /* FlixUITestsLaunchTests.swift */ = {isa = PBXFileReference; lastKnownFileType = sourcecode.swift; path = FlixUITestsLaunchTests.swift; sourceTree = "<group>"; };
		0F52805D27C317880008FC55 /* MoviesViewController.swift */ = {isa = PBXFileReference; lastKnownFileType = sourcecode.swift; path = MoviesViewController.swift; sourceTree = "<group>"; };
		0F6C1D9E27C8945B00ACD537 /* MovieCell.swift */ = {isa = PBXFileReference; lastKnownFileType = sourcecode.swift; path = MovieCell.swift; sourceTree = "<group>"; };
		0F942B1E27CDC1BF004DA113 /* MovieDetailsViewController.swift */ = {isa = PBXFileReference; lastKnownFileType = sourcecode.swift; path = MovieDetailsViewController.swift; sourceTree = "<group>"; };
		0FACAF6C27CF2267007ACD60 /* MovieGridViewController.swift */ = {isa = PBXFileReference; lastKnownFileType = sourcecode.swift; path = MovieGridViewController.swift; sourceTree = "<group>"; };
		0FACAF6E27CF2815007ACD60 /* MovieGridCell.swift */ = {isa = PBXFileReference; lastKnownFileType = sourcecode.swift; path = MovieGridCell.swift; sourceTree = "<group>"; };
		0FACAF7027CF48A3007ACD60 /* SuperMovieViewController.swift */ = {isa = PBXFileReference; lastKnownFileType = sourcecode.swift; path = SuperMovieViewController.swift; sourceTree = "<group>"; };
		1D09580A56F578B6EB993D17 /* Pods-FlixTests.debug.xcconfig */ = {isa = PBXFileReference; includeInIndex = 1; lastKnownFileType = text.xcconfig; name = "Pods-FlixTests.debug.xcconfig"; path = "Target Support Files/Pods-FlixTests/Pods-FlixTests.debug.xcconfig"; sourceTree = "<group>"; };
		3BB2AF913DA4CD5CB987B4B0 /* Pods-Flix.debug.xcconfig */ = {isa = PBXFileReference; includeInIndex = 1; lastKnownFileType = text.xcconfig; name = "Pods-Flix.debug.xcconfig"; path = "Target Support Files/Pods-Flix/Pods-Flix.debug.xcconfig"; sourceTree = "<group>"; };
		3C3CFD981106D89CF8AF27A7 /* Pods-Flix-FlixUITests.release.xcconfig */ = {isa = PBXFileReference; includeInIndex = 1; lastKnownFileType = text.xcconfig; name = "Pods-Flix-FlixUITests.release.xcconfig"; path = "Target Support Files/Pods-Flix-FlixUITests/Pods-Flix-FlixUITests.release.xcconfig"; sourceTree = "<group>"; };
		599BFC392536520D97DAA64E /* Pods_Flix.framework */ = {isa = PBXFileReference; explicitFileType = wrapper.framework; includeInIndex = 0; path = Pods_Flix.framework; sourceTree = BUILT_PRODUCTS_DIR; };
		62DDA564608FF63693828369 /* Pods-Flix.release.xcconfig */ = {isa = PBXFileReference; includeInIndex = 1; lastKnownFileType = text.xcconfig; name = "Pods-Flix.release.xcconfig"; path = "Target Support Files/Pods-Flix/Pods-Flix.release.xcconfig"; sourceTree = "<group>"; };
		73193C24CA114ACD0772B9E7 /* Pods_FlixTests.framework */ = {isa = PBXFileReference; explicitFileType = wrapper.framework; includeInIndex = 0; path = Pods_FlixTests.framework; sourceTree = BUILT_PRODUCTS_DIR; };
		C3985770932FF526912D243A /* Pods-FlixTests.release.xcconfig */ = {isa = PBXFileReference; includeInIndex = 1; lastKnownFileType = text.xcconfig; name = "Pods-FlixTests.release.xcconfig"; path = "Target Support Files/Pods-FlixTests/Pods-FlixTests.release.xcconfig"; sourceTree = "<group>"; };
		F0E604D6D7CBC1487F7B23B1 /* Pods_Flix_FlixUITests.framework */ = {isa = PBXFileReference; explicitFileType = wrapper.framework; includeInIndex = 0; path = Pods_Flix_FlixUITests.framework; sourceTree = BUILT_PRODUCTS_DIR; };
/* End PBXFileReference section */

/* Begin PBXFrameworksBuildPhase section */
		0F52802727C30D700008FC55 /* Frameworks */ = {
			isa = PBXFrameworksBuildPhase;
			buildActionMask = 2147483647;
			files = (
				0F6C1DA227C89F4E00ACD537 /* AlamofireImage in Frameworks */,
				C83B6BF1FEE765A597E18303 /* Pods_Flix.framework in Frameworks */,
			);
			runOnlyForDeploymentPostprocessing = 0;
		};
		0F52803D27C30D720008FC55 /* Frameworks */ = {
			isa = PBXFrameworksBuildPhase;
			buildActionMask = 2147483647;
			files = (
				15B74A54DF45ACDC4BEF5C14 /* Pods_FlixTests.framework in Frameworks */,
			);
			runOnlyForDeploymentPostprocessing = 0;
		};
		0F52804727C30D720008FC55 /* Frameworks */ = {
			isa = PBXFrameworksBuildPhase;
			buildActionMask = 2147483647;
			files = (
				D499C328ACC9447B82AA85D5 /* Pods_Flix_FlixUITests.framework in Frameworks */,
			);
			runOnlyForDeploymentPostprocessing = 0;
		};
/* End PBXFrameworksBuildPhase section */

/* Begin PBXGroup section */
		0F52802127C30D6F0008FC55 = {
			isa = PBXGroup;
			children = (
				0F52802C27C30D700008FC55 /* Flix */,
				0F52804327C30D720008FC55 /* FlixTests */,
				0F52804D27C30D720008FC55 /* FlixUITests */,
				0F52802B27C30D700008FC55 /* Products */,
				A9BCF5192B6F40F518F9D108 /* Pods */,
				BF179825200EF0FD7F3F7463 /* Frameworks */,
			);
			sourceTree = "<group>";
		};
		0F52802B27C30D700008FC55 /* Products */ = {
			isa = PBXGroup;
			children = (
				0F52802A27C30D700008FC55 /* Flix.app */,
				0F52804027C30D720008FC55 /* FlixTests.xctest */,
				0F52804A27C30D720008FC55 /* FlixUITests.xctest */,
			);
			name = Products;
			sourceTree = "<group>";
		};
		0F52802C27C30D700008FC55 /* Flix */ = {
			isa = PBXGroup;
			children = (
				0F52802D27C30D700008FC55 /* AppDelegate.swift */,
				0F52802F27C30D700008FC55 /* SceneDelegate.swift */,
				0F52803327C30D700008FC55 /* Main.storyboard */,
				0F6C1D9E27C8945B00ACD537 /* MovieCell.swift */,
				0F52803627C30D720008FC55 /* Assets.xcassets */,
				0F52803827C30D720008FC55 /* LaunchScreen.storyboard */,
				0F52803B27C30D720008FC55 /* Info.plist */,
				0F52805D27C317880008FC55 /* MoviesViewController.swift */,
				0F942B1E27CDC1BF004DA113 /* MovieDetailsViewController.swift */,
				0FACAF6C27CF2267007ACD60 /* MovieGridViewController.swift */,
				0FACAF6E27CF2815007ACD60 /* MovieGridCell.swift */,
				0FACAF7027CF48A3007ACD60 /* SuperMovieViewController.swift */,
				0F3860F027D1E94200154392 /* TrailerViewController.swift */,
			);
			path = Flix;
			sourceTree = "<group>";
		};
		0F52804327C30D720008FC55 /* FlixTests */ = {
			isa = PBXGroup;
			children = (
				0F52804427C30D720008FC55 /* FlixTests.swift */,
			);
			path = FlixTests;
			sourceTree = "<group>";
		};
		0F52804D27C30D720008FC55 /* FlixUITests */ = {
			isa = PBXGroup;
			children = (
				0F52804E27C30D720008FC55 /* FlixUITests.swift */,
				0F52805027C30D720008FC55 /* FlixUITestsLaunchTests.swift */,
			);
			path = FlixUITests;
			sourceTree = "<group>";
		};
		A9BCF5192B6F40F518F9D108 /* Pods */ = {
			isa = PBXGroup;
			children = (
				3BB2AF913DA4CD5CB987B4B0 /* Pods-Flix.debug.xcconfig */,
				62DDA564608FF63693828369 /* Pods-Flix.release.xcconfig */,
				069EF2595D13381C2489767B /* Pods-Flix-FlixUITests.debug.xcconfig */,
				3C3CFD981106D89CF8AF27A7 /* Pods-Flix-FlixUITests.release.xcconfig */,
				1D09580A56F578B6EB993D17 /* Pods-FlixTests.debug.xcconfig */,
				C3985770932FF526912D243A /* Pods-FlixTests.release.xcconfig */,
			);
			path = Pods;
			sourceTree = "<group>";
		};
		BF179825200EF0FD7F3F7463 /* Frameworks */ = {
			isa = PBXGroup;
			children = (
				599BFC392536520D97DAA64E /* Pods_Flix.framework */,
				F0E604D6D7CBC1487F7B23B1 /* Pods_Flix_FlixUITests.framework */,
				73193C24CA114ACD0772B9E7 /* Pods_FlixTests.framework */,
			);
			name = Frameworks;
			sourceTree = "<group>";
		};
/* End PBXGroup section */

/* Begin PBXNativeTarget section */
		0F52802927C30D700008FC55 /* Flix */ = {
			isa = PBXNativeTarget;
			buildConfigurationList = 0F52805427C30D720008FC55 /* Build configuration list for PBXNativeTarget "Flix" */;
			buildPhases = (
				4C2B828461885F357D2D1588 /* [CP] Check Pods Manifest.lock */,
				0F52802627C30D700008FC55 /* Sources */,
				0F52802727C30D700008FC55 /* Frameworks */,
				0F52802827C30D700008FC55 /* Resources */,
				DD44C8605BEF7F13EAD38F0E /* [CP] Embed Pods Frameworks */,
			);
			buildRules = (
			);
			dependencies = (
			);
			name = Flix;
			packageProductDependencies = (
				0F6C1DA127C89F4E00ACD537 /* AlamofireImage */,
			);
			productName = Flix;
			productReference = 0F52802A27C30D700008FC55 /* Flix.app */;
			productType = "com.apple.product-type.application";
		};
		0F52803F27C30D720008FC55 /* FlixTests */ = {
			isa = PBXNativeTarget;
			buildConfigurationList = 0F52805727C30D720008FC55 /* Build configuration list for PBXNativeTarget "FlixTests" */;
			buildPhases = (
				3E874AE090E5B1767B277626 /* [CP] Check Pods Manifest.lock */,
				0F52803C27C30D720008FC55 /* Sources */,
				0F52803D27C30D720008FC55 /* Frameworks */,
				0F52803E27C30D720008FC55 /* Resources */,
			);
			buildRules = (
			);
			dependencies = (
				0F52804227C30D720008FC55 /* PBXTargetDependency */,
			);
			name = FlixTests;
			productName = FlixTests;
			productReference = 0F52804027C30D720008FC55 /* FlixTests.xctest */;
			productType = "com.apple.product-type.bundle.unit-test";
		};
		0F52804927C30D720008FC55 /* FlixUITests */ = {
			isa = PBXNativeTarget;
			buildConfigurationList = 0F52805A27C30D720008FC55 /* Build configuration list for PBXNativeTarget "FlixUITests" */;
			buildPhases = (
				AFA16ACEBE0F08E557AD6A7B /* [CP] Check Pods Manifest.lock */,
				0F52804627C30D720008FC55 /* Sources */,
				0F52804727C30D720008FC55 /* Frameworks */,
				0F52804827C30D720008FC55 /* Resources */,
				057855BBE0FB2B3BDB5FA4BB /* [CP] Embed Pods Frameworks */,
			);
			buildRules = (
			);
			dependencies = (
				0F52804C27C30D720008FC55 /* PBXTargetDependency */,
			);
			name = FlixUITests;
			productName = FlixUITests;
			productReference = 0F52804A27C30D720008FC55 /* FlixUITests.xctest */;
			productType = "com.apple.product-type.bundle.ui-testing";
		};
/* End PBXNativeTarget section */

/* Begin PBXProject section */
		0F52802227C30D6F0008FC55 /* Project object */ = {
			isa = PBXProject;
			attributes = {
				BuildIndependentTargetsInParallel = 1;
				LastSwiftUpdateCheck = 1320;
				LastUpgradeCheck = 1320;
				TargetAttributes = {
					0F52802927C30D700008FC55 = {
						CreatedOnToolsVersion = 13.2.1;
					};
					0F52803F27C30D720008FC55 = {
						CreatedOnToolsVersion = 13.2.1;
						TestTargetID = 0F52802927C30D700008FC55;
					};
					0F52804927C30D720008FC55 = {
						CreatedOnToolsVersion = 13.2.1;
						TestTargetID = 0F52802927C30D700008FC55;
					};
				};
			};
			buildConfigurationList = 0F52802527C30D6F0008FC55 /* Build configuration list for PBXProject "Flix" */;
			compatibilityVersion = "Xcode 13.0";
			developmentRegion = en;
			hasScannedForEncodings = 0;
			knownRegions = (
				en,
				Base,
			);
			mainGroup = 0F52802127C30D6F0008FC55;
			packageReferences = (
				0F6C1DA027C89F4E00ACD537 /* XCRemoteSwiftPackageReference "AlamofireImage" */,
			);
			productRefGroup = 0F52802B27C30D700008FC55 /* Products */;
			projectDirPath = "";
			projectRoot = "";
			targets = (
				0F52802927C30D700008FC55 /* Flix */,
				0F52803F27C30D720008FC55 /* FlixTests */,
				0F52804927C30D720008FC55 /* FlixUITests */,
			);
		};
/* End PBXProject section */

/* Begin PBXResourcesBuildPhase section */
		0F52802827C30D700008FC55 /* Resources */ = {
			isa = PBXResourcesBuildPhase;
			buildActionMask = 2147483647;
			files = (
				0F52803A27C30D720008FC55 /* LaunchScreen.storyboard in Resources */,
				0F52803727C30D720008FC55 /* Assets.xcassets in Resources */,
				0F52803527C30D700008FC55 /* Main.storyboard in Resources */,
			);
			runOnlyForDeploymentPostprocessing = 0;
		};
		0F52803E27C30D720008FC55 /* Resources */ = {
			isa = PBXResourcesBuildPhase;
			buildActionMask = 2147483647;
			files = (
			);
			runOnlyForDeploymentPostprocessing = 0;
		};
		0F52804827C30D720008FC55 /* Resources */ = {
			isa = PBXResourcesBuildPhase;
			buildActionMask = 2147483647;
			files = (
			);
			runOnlyForDeploymentPostprocessing = 0;
		};
/* End PBXResourcesBuildPhase section */

/* Begin PBXShellScriptBuildPhase section */
		057855BBE0FB2B3BDB5FA4BB /* [CP] Embed Pods Frameworks */ = {
			isa = PBXShellScriptBuildPhase;
			buildActionMask = 2147483647;
			files = (
			);
			inputFileListPaths = (
				"${PODS_ROOT}/Target Support Files/Pods-Flix-FlixUITests/Pods-Flix-FlixUITests-frameworks-${CONFIGURATION}-input-files.xcfilelist",
			);
			name = "[CP] Embed Pods Frameworks";
			outputFileListPaths = (
				"${PODS_ROOT}/Target Support Files/Pods-Flix-FlixUITests/Pods-Flix-FlixUITests-frameworks-${CONFIGURATION}-output-files.xcfilelist",
			);
			runOnlyForDeploymentPostprocessing = 0;
			shellPath = /bin/sh;
			shellScript = "\"${PODS_ROOT}/Target Support Files/Pods-Flix-FlixUITests/Pods-Flix-FlixUITests-frameworks.sh\"\n";
			showEnvVarsInLog = 0;
		};
		3E874AE090E5B1767B277626 /* [CP] Check Pods Manifest.lock */ = {
			isa = PBXShellScriptBuildPhase;
			buildActionMask = 2147483647;
			files = (
			);
			inputFileListPaths = (
			);
			inputPaths = (
				"${PODS_PODFILE_DIR_PATH}/Podfile.lock",
				"${PODS_ROOT}/Manifest.lock",
			);
			name = "[CP] Check Pods Manifest.lock";
			outputFileListPaths = (
			);
			outputPaths = (
				"$(DERIVED_FILE_DIR)/Pods-FlixTests-checkManifestLockResult.txt",
			);
			runOnlyForDeploymentPostprocessing = 0;
			shellPath = /bin/sh;
			shellScript = "diff \"${PODS_PODFILE_DIR_PATH}/Podfile.lock\" \"${PODS_ROOT}/Manifest.lock\" > /dev/null\nif [ $? != 0 ] ; then\n    # print error to STDERR\n    echo \"error: The sandbox is not in sync with the Podfile.lock. Run 'pod install' or update your CocoaPods installation.\" >&2\n    exit 1\nfi\n# This output is used by Xcode 'outputs' to avoid re-running this script phase.\necho \"SUCCESS\" > \"${SCRIPT_OUTPUT_FILE_0}\"\n";
			showEnvVarsInLog = 0;
		};
		4C2B828461885F357D2D1588 /* [CP] Check Pods Manifest.lock */ = {
			isa = PBXShellScriptBuildPhase;
			buildActionMask = 2147483647;
			files = (
			);
			inputFileListPaths = (
			);
			inputPaths = (
				"${PODS_PODFILE_DIR_PATH}/Podfile.lock",
				"${PODS_ROOT}/Manifest.lock",
			);
			name = "[CP] Check Pods Manifest.lock";
			outputFileListPaths = (
			);
			outputPaths = (
				"$(DERIVED_FILE_DIR)/Pods-Flix-checkManifestLockResult.txt",
			);
			runOnlyForDeploymentPostprocessing = 0;
			shellPath = /bin/sh;
			shellScript = "diff \"${PODS_PODFILE_DIR_PATH}/Podfile.lock\" \"${PODS_ROOT}/Manifest.lock\" > /dev/null\nif [ $? != 0 ] ; then\n    # print error to STDERR\n    echo \"error: The sandbox is not in sync with the Podfile.lock. Run 'pod install' or update your CocoaPods installation.\" >&2\n    exit 1\nfi\n# This output is used by Xcode 'outputs' to avoid re-running this script phase.\necho \"SUCCESS\" > \"${SCRIPT_OUTPUT_FILE_0}\"\n";
			showEnvVarsInLog = 0;
		};
		AFA16ACEBE0F08E557AD6A7B /* [CP] Check Pods Manifest.lock */ = {
			isa = PBXShellScriptBuildPhase;
			buildActionMask = 2147483647;
			files = (
			);
			inputFileListPaths = (
			);
			inputPaths = (
				"${PODS_PODFILE_DIR_PATH}/Podfile.lock",
				"${PODS_ROOT}/Manifest.lock",
			);
			name = "[CP] Check Pods Manifest.lock";
			outputFileListPaths = (
			);
			outputPaths = (
				"$(DERIVED_FILE_DIR)/Pods-Flix-FlixUITests-checkManifestLockResult.txt",
			);
			runOnlyForDeploymentPostprocessing = 0;
			shellPath = /bin/sh;
			shellScript = "diff \"${PODS_PODFILE_DIR_PATH}/Podfile.lock\" \"${PODS_ROOT}/Manifest.lock\" > /dev/null\nif [ $? != 0 ] ; then\n    # print error to STDERR\n    echo \"error: The sandbox is not in sync with the Podfile.lock. Run 'pod install' or update your CocoaPods installation.\" >&2\n    exit 1\nfi\n# This output is used by Xcode 'outputs' to avoid re-running this script phase.\necho \"SUCCESS\" > \"${SCRIPT_OUTPUT_FILE_0}\"\n";
			showEnvVarsInLog = 0;
		};
		DD44C8605BEF7F13EAD38F0E /* [CP] Embed Pods Frameworks */ = {
			isa = PBXShellScriptBuildPhase;
			buildActionMask = 2147483647;
			files = (
			);
			inputFileListPaths = (
				"${PODS_ROOT}/Target Support Files/Pods-Flix/Pods-Flix-frameworks-${CONFIGURATION}-input-files.xcfilelist",
			);
			name = "[CP] Embed Pods Frameworks";
			outputFileListPaths = (
				"${PODS_ROOT}/Target Support Files/Pods-Flix/Pods-Flix-frameworks-${CONFIGURATION}-output-files.xcfilelist",
			);
			runOnlyForDeploymentPostprocessing = 0;
			shellPath = /bin/sh;
			shellScript = "\"${PODS_ROOT}/Target Support Files/Pods-Flix/Pods-Flix-frameworks.sh\"\n";
			showEnvVarsInLog = 0;
		};
/* End PBXShellScriptBuildPhase section */

/* Begin PBXSourcesBuildPhase section */
		0F52802627C30D700008FC55 /* Sources */ = {
			isa = PBXSourcesBuildPhase;
			buildActionMask = 2147483647;
			files = (
				0F942B1F27CDC1BF004DA113 /* MovieDetailsViewController.swift in Sources */,
				0F52802E27C30D700008FC55 /* AppDelegate.swift in Sources */,
				0F52803027C30D700008FC55 /* SceneDelegate.swift in Sources */,
				0F6C1D9F27C8945B00ACD537 /* MovieCell.swift in Sources */,
				0F52805E27C317880008FC55 /* MoviesViewController.swift in Sources */,
				0FACAF6D27CF2267007ACD60 /* MovieGridViewController.swift in Sources */,
				0FACAF6F27CF2815007ACD60 /* MovieGridCell.swift in Sources */,
				0FACAF7127CF48A3007ACD60 /* SuperMovieViewController.swift in Sources */,
				0F3860F127D1E94200154392 /* TrailerViewController.swift in Sources */,
			);
			runOnlyForDeploymentPostprocessing = 0;
		};
		0F52803C27C30D720008FC55 /* Sources */ = {
			isa = PBXSourcesBuildPhase;
			buildActionMask = 2147483647;
			files = (
				0F52804527C30D720008FC55 /* FlixTests.swift in Sources */,
			);
			runOnlyForDeploymentPostprocessing = 0;
		};
		0F52804627C30D720008FC55 /* Sources */ = {
			isa = PBXSourcesBuildPhase;
			buildActionMask = 2147483647;
			files = (
				0F52804F27C30D720008FC55 /* FlixUITests.swift in Sources */,
				0F52805127C30D720008FC55 /* FlixUITestsLaunchTests.swift in Sources */,
			);
			runOnlyForDeploymentPostprocessing = 0;
		};
/* End PBXSourcesBuildPhase section */

/* Begin PBXTargetDependency section */
		0F52804227C30D720008FC55 /* PBXTargetDependency */ = {
			isa = PBXTargetDependency;
			target = 0F52802927C30D700008FC55 /* Flix */;
			targetProxy = 0F52804127C30D720008FC55 /* PBXContainerItemProxy */;
		};
		0F52804C27C30D720008FC55 /* PBXTargetDependency */ = {
			isa = PBXTargetDependency;
			target = 0F52802927C30D700008FC55 /* Flix */;
			targetProxy = 0F52804B27C30D720008FC55 /* PBXContainerItemProxy */;
		};
/* End PBXTargetDependency section */

/* Begin PBXVariantGroup section */
		0F52803327C30D700008FC55 /* Main.storyboard */ = {
			isa = PBXVariantGroup;
			children = (
				0F52803427C30D700008FC55 /* Base */,
			);
			name = Main.storyboard;
			sourceTree = "<group>";
		};
		0F52803827C30D720008FC55 /* LaunchScreen.storyboard */ = {
			isa = PBXVariantGroup;
			children = (
				0F52803927C30D720008FC55 /* Base */,
			);
			name = LaunchScreen.storyboard;
			sourceTree = "<group>";
		};
/* End PBXVariantGroup section */

/* Begin XCBuildConfiguration section */
		0F52805227C30D720008FC55 /* Debug */ = {
			isa = XCBuildConfiguration;
			buildSettings = {
				ALWAYS_SEARCH_USER_PATHS = NO;
				CLANG_ANALYZER_NONNULL = YES;
				CLANG_ANALYZER_NUMBER_OBJECT_CONVERSION = YES_AGGRESSIVE;
				CLANG_CXX_LANGUAGE_STANDARD = "gnu++17";
				CLANG_CXX_LIBRARY = "libc++";
				CLANG_ENABLE_MODULES = YES;
				CLANG_ENABLE_OBJC_ARC = YES;
				CLANG_ENABLE_OBJC_WEAK = YES;
				CLANG_WARN_BLOCK_CAPTURE_AUTORELEASING = YES;
				CLANG_WARN_BOOL_CONVERSION = YES;
				CLANG_WARN_COMMA = YES;
				CLANG_WARN_CONSTANT_CONVERSION = YES;
				CLANG_WARN_DEPRECATED_OBJC_IMPLEMENTATIONS = YES;
				CLANG_WARN_DIRECT_OBJC_ISA_USAGE = YES_ERROR;
				CLANG_WARN_DOCUMENTATION_COMMENTS = YES;
				CLANG_WARN_EMPTY_BODY = YES;
				CLANG_WARN_ENUM_CONVERSION = YES;
				CLANG_WARN_INFINITE_RECURSION = YES;
				CLANG_WARN_INT_CONVERSION = YES;
				CLANG_WARN_NON_LITERAL_NULL_CONVERSION = YES;
				CLANG_WARN_OBJC_IMPLICIT_RETAIN_SELF = YES;
				CLANG_WARN_OBJC_LITERAL_CONVERSION = YES;
				CLANG_WARN_OBJC_ROOT_CLASS = YES_ERROR;
				CLANG_WARN_QUOTED_INCLUDE_IN_FRAMEWORK_HEADER = YES;
				CLANG_WARN_RANGE_LOOP_ANALYSIS = YES;
				CLANG_WARN_STRICT_PROTOTYPES = YES;
				CLANG_WARN_SUSPICIOUS_MOVE = YES;
				CLANG_WARN_UNGUARDED_AVAILABILITY = YES_AGGRESSIVE;
				CLANG_WARN_UNREACHABLE_CODE = YES;
				CLANG_WARN__DUPLICATE_METHOD_MATCH = YES;
				COPY_PHASE_STRIP = NO;
				DEBUG_INFORMATION_FORMAT = dwarf;
				ENABLE_STRICT_OBJC_MSGSEND = YES;
				ENABLE_TESTABILITY = YES;
				GCC_C_LANGUAGE_STANDARD = gnu11;
				GCC_DYNAMIC_NO_PIC = NO;
				GCC_NO_COMMON_BLOCKS = YES;
				GCC_OPTIMIZATION_LEVEL = 0;
				GCC_PREPROCESSOR_DEFINITIONS = (
					"DEBUG=1",
					"$(inherited)",
				);
				GCC_WARN_64_TO_32_BIT_CONVERSION = YES;
				GCC_WARN_ABOUT_RETURN_TYPE = YES_ERROR;
				GCC_WARN_UNDECLARED_SELECTOR = YES;
				GCC_WARN_UNINITIALIZED_AUTOS = YES_AGGRESSIVE;
				GCC_WARN_UNUSED_FUNCTION = YES;
				GCC_WARN_UNUSED_VARIABLE = YES;
				IPHONEOS_DEPLOYMENT_TARGET = 15.2;
				MTL_ENABLE_DEBUG_INFO = INCLUDE_SOURCE;
				MTL_FAST_MATH = YES;
				ONLY_ACTIVE_ARCH = YES;
				SDKROOT = iphoneos;
				SWIFT_ACTIVE_COMPILATION_CONDITIONS = DEBUG;
				SWIFT_OPTIMIZATION_LEVEL = "-Onone";
			};
			name = Debug;
		};
		0F52805327C30D720008FC55 /* Release */ = {
			isa = XCBuildConfiguration;
			buildSettings = {
				ALWAYS_SEARCH_USER_PATHS = NO;
				CLANG_ANALYZER_NONNULL = YES;
				CLANG_ANALYZER_NUMBER_OBJECT_CONVERSION = YES_AGGRESSIVE;
				CLANG_CXX_LANGUAGE_STANDARD = "gnu++17";
				CLANG_CXX_LIBRARY = "libc++";
				CLANG_ENABLE_MODULES = YES;
				CLANG_ENABLE_OBJC_ARC = YES;
				CLANG_ENABLE_OBJC_WEAK = YES;
				CLANG_WARN_BLOCK_CAPTURE_AUTORELEASING = YES;
				CLANG_WARN_BOOL_CONVERSION = YES;
				CLANG_WARN_COMMA = YES;
				CLANG_WARN_CONSTANT_CONVERSION = YES;
				CLANG_WARN_DEPRECATED_OBJC_IMPLEMENTATIONS = YES;
				CLANG_WARN_DIRECT_OBJC_ISA_USAGE = YES_ERROR;
				CLANG_WARN_DOCUMENTATION_COMMENTS = YES;
				CLANG_WARN_EMPTY_BODY = YES;
				CLANG_WARN_ENUM_CONVERSION = YES;
				CLANG_WARN_INFINITE_RECURSION = YES;
				CLANG_WARN_INT_CONVERSION = YES;
				CLANG_WARN_NON_LITERAL_NULL_CONVERSION = YES;
				CLANG_WARN_OBJC_IMPLICIT_RETAIN_SELF = YES;
				CLANG_WARN_OBJC_LITERAL_CONVERSION = YES;
				CLANG_WARN_OBJC_ROOT_CLASS = YES_ERROR;
				CLANG_WARN_QUOTED_INCLUDE_IN_FRAMEWORK_HEADER = YES;
				CLANG_WARN_RANGE_LOOP_ANALYSIS = YES;
				CLANG_WARN_STRICT_PROTOTYPES = YES;
				CLANG_WARN_SUSPICIOUS_MOVE = YES;
				CLANG_WARN_UNGUARDED_AVAILABILITY = YES_AGGRESSIVE;
				CLANG_WARN_UNREACHABLE_CODE = YES;
				CLANG_WARN__DUPLICATE_METHOD_MATCH = YES;
				COPY_PHASE_STRIP = NO;
				DEBUG_INFORMATION_FORMAT = "dwarf-with-dsym";
				ENABLE_NS_ASSERTIONS = NO;
				ENABLE_STRICT_OBJC_MSGSEND = YES;
				GCC_C_LANGUAGE_STANDARD = gnu11;
				GCC_NO_COMMON_BLOCKS = YES;
				GCC_WARN_64_TO_32_BIT_CONVERSION = YES;
				GCC_WARN_ABOUT_RETURN_TYPE = YES_ERROR;
				GCC_WARN_UNDECLARED_SELECTOR = YES;
				GCC_WARN_UNINITIALIZED_AUTOS = YES_AGGRESSIVE;
				GCC_WARN_UNUSED_FUNCTION = YES;
				GCC_WARN_UNUSED_VARIABLE = YES;
				IPHONEOS_DEPLOYMENT_TARGET = 15.2;
				MTL_ENABLE_DEBUG_INFO = NO;
				MTL_FAST_MATH = YES;
				SDKROOT = iphoneos;
				SWIFT_COMPILATION_MODE = wholemodule;
				SWIFT_OPTIMIZATION_LEVEL = "-O";
				VALIDATE_PRODUCT = YES;
			};
			name = Release;
		};
		0F52805527C30D720008FC55 /* Debug */ = {
			isa = XCBuildConfiguration;
			baseConfigurationReference = 3BB2AF913DA4CD5CB987B4B0 /* Pods-Flix.debug.xcconfig */;
			buildSettings = {
				ASSETCATALOG_COMPILER_APPICON_NAME = AppIcon;
				ASSETCATALOG_COMPILER_GLOBAL_ACCENT_COLOR_NAME = AccentColor;
				CODE_SIGN_STYLE = Automatic;
				CURRENT_PROJECT_VERSION = 1;
				GENERATE_INFOPLIST_FILE = YES;
				INFOPLIST_FILE = Flix/Info.plist;
				INFOPLIST_KEY_UIApplicationSupportsIndirectInputEvents = YES;
				INFOPLIST_KEY_UILaunchStoryboardName = LaunchScreen;
				INFOPLIST_KEY_UIMainStoryboardFile = Main;
				INFOPLIST_KEY_UISupportedInterfaceOrientations = "UIInterfaceOrientationPortrait UIInterfaceOrientationLandscapeLeft UIInterfaceOrientationLandscapeRight";
				INFOPLIST_KEY_UISupportedInterfaceOrientations_iPad = "UIInterfaceOrientationPortrait UIInterfaceOrientationPortraitUpsideDown UIInterfaceOrientationLandscapeLeft UIInterfaceOrientationLandscapeRight";
				INFOPLIST_KEY_UISupportedInterfaceOrientations_iPhone = "UIInterfaceOrientationPortrait UIInterfaceOrientationLandscapeLeft UIInterfaceOrientationLandscapeRight";
				LD_RUNPATH_SEARCH_PATHS = (
					"$(inherited)",
					"@executable_path/Frameworks",
				);
				MARKETING_VERSION = 1.0;
				PRODUCT_BUNDLE_IDENTIFIER = codepath.Flix;
				PRODUCT_NAME = "$(TARGET_NAME)";
				SWIFT_EMIT_LOC_STRINGS = YES;
				SWIFT_VERSION = 5.0;
				TARGETED_DEVICE_FAMILY = "1,2";
			};
			name = Debug;
		};
		0F52805627C30D720008FC55 /* Release */ = {
			isa = XCBuildConfiguration;
			baseConfigurationReference = 62DDA564608FF63693828369 /* Pods-Flix.release.xcconfig */;
			buildSettings = {
				ASSETCATALOG_COMPILER_APPICON_NAME = AppIcon;
				ASSETCATALOG_COMPILER_GLOBAL_ACCENT_COLOR_NAME = AccentColor;
				CODE_SIGN_STYLE = Automatic;
				CURRENT_PROJECT_VERSION = 1;
				GENERATE_INFOPLIST_FILE = YES;
				INFOPLIST_FILE = Flix/Info.plist;
				INFOPLIST_KEY_UIApplicationSupportsIndirectInputEvents = YES;
				INFOPLIST_KEY_UILaunchStoryboardName = LaunchScreen;
				INFOPLIST_KEY_UIMainStoryboardFile = Main;
				INFOPLIST_KEY_UISupportedInterfaceOrientations = "UIInterfaceOrientationPortrait UIInterfaceOrientationLandscapeLeft UIInterfaceOrientationLandscapeRight";
				INFOPLIST_KEY_UISupportedInterfaceOrientations_iPad = "UIInterfaceOrientationPortrait UIInterfaceOrientationPortraitUpsideDown UIInterfaceOrientationLandscapeLeft UIInterfaceOrientationLandscapeRight";
				INFOPLIST_KEY_UISupportedInterfaceOrientations_iPhone = "UIInterfaceOrientationPortrait UIInterfaceOrientationLandscapeLeft UIInterfaceOrientationLandscapeRight";
				LD_RUNPATH_SEARCH_PATHS = (
					"$(inherited)",
					"@executable_path/Frameworks",
				);
				MARKETING_VERSION = 1.0;
				PRODUCT_BUNDLE_IDENTIFIER = codepath.Flix;
				PRODUCT_NAME = "$(TARGET_NAME)";
				SWIFT_EMIT_LOC_STRINGS = YES;
				SWIFT_VERSION = 5.0;
				TARGETED_DEVICE_FAMILY = "1,2";
			};
			name = Release;
		};
		0F52805827C30D720008FC55 /* Debug */ = {
			isa = XCBuildConfiguration;
			baseConfigurationReference = 1D09580A56F578B6EB993D17 /* Pods-FlixTests.debug.xcconfig */;
			buildSettings = {
				ALWAYS_EMBED_SWIFT_STANDARD_LIBRARIES = YES;
				BUNDLE_LOADER = "$(TEST_HOST)";
				CODE_SIGN_STYLE = Automatic;
				CURRENT_PROJECT_VERSION = 1;
				GENERATE_INFOPLIST_FILE = YES;
				IPHONEOS_DEPLOYMENT_TARGET = 15.2;
				MARKETING_VERSION = 1.0;
				PRODUCT_BUNDLE_IDENTIFIER = codepath.FlixTests;
				PRODUCT_NAME = "$(TARGET_NAME)";
				SWIFT_EMIT_LOC_STRINGS = NO;
				SWIFT_VERSION = 5.0;
				TARGETED_DEVICE_FAMILY = "1,2";
				TEST_HOST = "$(BUILT_PRODUCTS_DIR)/Flix.app/Flix";
			};
			name = Debug;
		};
		0F52805927C30D720008FC55 /* Release */ = {
			isa = XCBuildConfiguration;
			baseConfigurationReference = C3985770932FF526912D243A /* Pods-FlixTests.release.xcconfig */;
			buildSettings = {
				ALWAYS_EMBED_SWIFT_STANDARD_LIBRARIES = YES;
				BUNDLE_LOADER = "$(TEST_HOST)";
				CODE_SIGN_STYLE = Automatic;
				CURRENT_PROJECT_VERSION = 1;
				GENERATE_INFOPLIST_FILE = YES;
				IPHONEOS_DEPLOYMENT_TARGET = 15.2;
				MARKETING_VERSION = 1.0;
				PRODUCT_BUNDLE_IDENTIFIER = codepath.FlixTests;
				PRODUCT_NAME = "$(TARGET_NAME)";
				SWIFT_EMIT_LOC_STRINGS = NO;
				SWIFT_VERSION = 5.0;
				TARGETED_DEVICE_FAMILY = "1,2";
				TEST_HOST = "$(BUILT_PRODUCTS_DIR)/Flix.app/Flix";
			};
			name = Release;
		};
		0F52805B27C30D720008FC55 /* Debug */ = {
			isa = XCBuildConfiguration;
			baseConfigurationReference = 069EF2595D13381C2489767B /* Pods-Flix-FlixUITests.debug.xcconfig */;
			buildSettings = {
				ALWAYS_EMBED_SWIFT_STANDARD_LIBRARIES = YES;
				CODE_SIGN_STYLE = Automatic;
				CURRENT_PROJECT_VERSION = 1;
				GENERATE_INFOPLIST_FILE = YES;
				MARKETING_VERSION = 1.0;
				PRODUCT_BUNDLE_IDENTIFIER = codepath.FlixUITests;
				PRODUCT_NAME = "$(TARGET_NAME)";
				SWIFT_EMIT_LOC_STRINGS = NO;
				SWIFT_VERSION = 5.0;
				TARGETED_DEVICE_FAMILY = "1,2";
				TEST_TARGET_NAME = Flix;
			};
			name = Debug;
		};
		0F52805C27C30D720008FC55 /* Release */ = {
			isa = XCBuildConfiguration;
			baseConfigurationReference = 3C3CFD981106D89CF8AF27A7 /* Pods-Flix-FlixUITests.release.xcconfig */;
			buildSettings = {
				ALWAYS_EMBED_SWIFT_STANDARD_LIBRARIES = YES;
				CODE_SIGN_STYLE = Automatic;
				CURRENT_PROJECT_VERSION = 1;
				GENERATE_INFOPLIST_FILE = YES;
				MARKETING_VERSION = 1.0;
				PRODUCT_BUNDLE_IDENTIFIER = codepath.FlixUITests;
				PRODUCT_NAME = "$(TARGET_NAME)";
				SWIFT_EMIT_LOC_STRINGS = NO;
				SWIFT_VERSION = 5.0;
				TARGETED_DEVICE_FAMILY = "1,2";
				TEST_TARGET_NAME = Flix;
			};
			name = Release;
		};
/* End XCBuildConfiguration section */

/* Begin XCConfigurationList section */
		0F52802527C30D6F0008FC55 /* Build configuration list for PBXProject "Flix" */ = {
			isa = XCConfigurationList;
			buildConfigurations = (
				0F52805227C30D720008FC55 /* Debug */,
				0F52805327C30D720008FC55 /* Release */,
			);
			defaultConfigurationIsVisible = 0;
			defaultConfigurationName = Release;
		};
		0F52805427C30D720008FC55 /* Build configuration list for PBXNativeTarget "Flix" */ = {
			isa = XCConfigurationList;
			buildConfigurations = (
				0F52805527C30D720008FC55 /* Debug */,
				0F52805627C30D720008FC55 /* Release */,
			);
			defaultConfigurationIsVisible = 0;
			defaultConfigurationName = Release;
		};
		0F52805727C30D720008FC55 /* Build configuration list for PBXNativeTarget "FlixTests" */ = {
			isa = XCConfigurationList;
			buildConfigurations = (
				0F52805827C30D720008FC55 /* Debug */,
				0F52805927C30D720008FC55 /* Release */,
			);
			defaultConfigurationIsVisible = 0;
			defaultConfigurationName = Release;
		};
		0F52805A27C30D720008FC55 /* Build configuration list for PBXNativeTarget "FlixUITests" */ = {
			isa = XCConfigurationList;
			buildConfigurations = (
				0F52805B27C30D720008FC55 /* Debug */,
				0F52805C27C30D720008FC55 /* Release */,
			);
			defaultConfigurationIsVisible = 0;
			defaultConfigurationName = Release;
		};
/* End XCConfigurationList section */

/* Begin XCRemoteSwiftPackageReference section */
		0F6C1DA027C89F4E00ACD537 /* XCRemoteSwiftPackageReference "AlamofireImage" */ = {
			isa = XCRemoteSwiftPackageReference;
			repositoryURL = "https://github.com/Alamofire/AlamofireImage";
			requirement = {
				kind = upToNextMajorVersion;
				minimumVersion = 4.0.0;
			};
		};
/* End XCRemoteSwiftPackageReference section */

/* Begin XCSwiftPackageProductDependency section */
		0F6C1DA127C89F4E00ACD537 /* AlamofireImage */ = {
			isa = XCSwiftPackageProductDependency;
			package = 0F6C1DA027C89F4E00ACD537 /* XCRemoteSwiftPackageReference "AlamofireImage" */;
			productName = AlamofireImage;
		};
/* End XCSwiftPackageProductDependency section */
	};
	rootObject = 0F52802227C30D6F0008FC55 /* Project object */;
}
